
Microsoft Visual Studio Solution File, Format Version 12.00
# Visual Studio 15
VisualStudioVersion = 15.0.28307.102
MinimumVisualStudioVersion = 10.0.40219.1
Project("{888888A0-9F3D-457C-B088-3A5042F75D52}") = "Seoul_CCTV", "Seoul_CCTV\Seoul_CCTV.pyproj", "{36754DA0-D91B-41F1-AD9D-668662CFE38D}"
EndProject
Global
	GlobalSection(SolutionConfigurationPlatforms) = preSolution
		Debug|Any CPU = Debug|Any CPU
		Release|Any CPU = Release|Any CPU
	EndGlobalSection
	GlobalSection(ProjectConfigurationPlatforms) = postSolution
		{36754DA0-D91B-41F1-AD9D-668662CFE38D}.Debug|Any CPU.ActiveCfg = Debug|Any CPU
		{36754DA0-D91B-41F1-AD9D-668662CFE38D}.Release|Any CPU.ActiveCfg = Release|Any CPU
	EndGlobalSection
	GlobalSection(SolutionProperties) = preSolution
		HideSolutionNode = FALSE
	EndGlobalSection
	GlobalSection(ExtensibilityGlobals) = postSolution
		SolutionGuid = {6425270B-1F47-42F7-9F3B-2F12CFBE1235}
	EndGlobalSection
EndGlobal
